{
  "name": "hangulpy-cross-language-benchmarks",
  "lockfileVersion": 3,
  "requires": true,
  "packages": {
    "": {
      "name": "hangulpy-cross-language-benchmarks",
      "dependencies": {
        "es-hangul": "2.4.0",
        "hangul-js": "0.2.6"
      }
    },
    "node_modules/es-hangul": {
      "version": "2.4.0",
      "resolved": "https://registry.npmjs.org/es-hangul/-/es-hangul-2.4.0.tgz",
      "integrity": "sha512-9ouVct+rsUw7d5+JeyEV+Lf4PAytSK4cWnLGHM4FJDyG9BS5d3iSPnEmH/rVgmSyxyps5cWZ+NeDAlJyq8eKaw==",
      "license": "MIT",
      "workspaces": [
        ".",
        "docs",
        "benchmarks"
      ]
    },
    "node_modules/hangul-js": {
      "version": "0.2.6",
      "resolved": "https://registry.npmjs.org/hangul-js/-/hangul-js-0.2.6.tgz",
      "integrity": "sha512-48axU8LgjCD30FEs66Xc04/8knxMwCMQw0f67l67rlttW7VXT3qRJgQeHmhiuGwWXGvSbk6YM0fhQlcjE1JFQA==",
      "license": "MIT"
    }
  }
}
